{
  "name": "oicd-app",
  "version": "1.0.0",
  "lockfileVersion": 3,
  "requires": true,
  "packages": {
    "": {
      "name": "oicd-app",
      "version": "1.0.0",
      "license": "ISC",
      "dependencies": {
        "openid-client": "^6.1.3"
      }
    },
    "node_modules/jose": {
      "version": "5.9.6",
      "resolved": "https://registry.npmjs.org/jose/-/jose-5.9.6.tgz",
      "integrity": "sha512-AMlnetc9+CV9asI19zHmrgS/WYsWUwCn2R7RzlbJWD7F9eWYUTGyBmU9o6PxngtLGOiDGPRu+Uc4fhKzbpteZQ==",
      "license": "MIT",
      "funding": {
        "url": "https://github.com/sponsors/panva"
      }
    },
    "node_modules/oauth4webapi": {
      "version": "3.1.2",
      "resolved": "https://registry.npmjs.org/oauth4webapi/-/oauth4webapi-3.1.2.tgz",
      "integrity": "sha512-KQZkNU+xn02lWrFu5Vjqg9E81yPtDSxUZorRHlLWVoojD+H/0GFbH59kcnz5Thdjj7c4/mYMBPj/mhvGe/kKXA==",
      "license": "MIT",
      "funding": {
        "url": "https://github.com/sponsors/panva"
      }
    },
    "node_modules/openid-client": {
      "version": "6.1.3",
      "resolved": "https://registry.npmjs.org/openid-client/-/openid-client-6.1.3.tgz",
      "integrity": "sha512-74sc0bR4ptfwCwMheLPaJHTQnds+97Yu6O8eQgoO3MRcd53xkfKyl3gNAsRsYSYoO+AVG3eCgnRMjRkZ6n2RYw==",
      "license": "MIT",
      "dependencies": {
        "jose": "^5.9.6",
        "oauth4webapi": "^3.1.1"
      },
      "funding": {
        "url": "https://github.com/sponsors/panva"
      }
    }
  }
}
